
Microsoft Visual Studio Solution File, Format Version 11.00
# Visual Studio 2010
Project("{FAE04EC0-301F-11D3-BF4B-00C04F79EFBC}") = "RetroElite 1.30", "RetroElite 1.30\RetroElite 1.30.csproj", "{F77D8C5C-77D7-4C77-B497-5666809558B0}"
EndProject
Global
	GlobalSection(SolutionConfigurationPlatforms) = preSolution
		Debug|Any CPU = Debug|Any CPU
		Release|Any CPU = Release|Any CPU
	EndGlobalSection
	GlobalSection(ProjectConfigurationPlatforms) = postSolution
		{F77D8C5C-77D7-4C77-B497-5666809558B0}.Debug|Any CPU.ActiveCfg = Debug|Any CPU
		{F77D8C5C-77D7-4C77-B497-5666809558B0}.Debug|Any CPU.Build.0 = Debug|Any CPU
		{F77D8C5C-77D7-4C77-B497-5666809558B0}.Release|Any CPU.ActiveCfg = Release|Any CPU
		{F77D8C5C-77D7-4C77-B497-5666809558B0}.Release|Any CPU.Build.0 = Release|Any CPU
	EndGlobalSection
	GlobalSection(SolutionProperties) = preSolution
		HideSolutionNode = FALSE
	EndGlobalSection
EndGlobal
